
Microsoft Visual Studio Solution File, Format Version 12.00
# Visual Studio Version 17
VisualStudioVersion = 17.0.31903.59
MinimumVisualStudioVersion = 10.0.40219.1
Project("{FAE04EC0-301F-11D3-BF4B-00C04F79EFBC}") = "BugPro", "BugPro\BugPro.csproj", "{0722EBC4-03BE-4272-855D-67D764097F68}"
EndProject
Project("{FAE04EC0-301F-11D3-BF4B-00C04F79EFBC}") = "BugTests", "BugTests\BugTests.csproj", "{3A7E7192-EEBD-4F38-873C-247FA66E3B13}"
EndProject
Global
	GlobalSection(SolutionConfigurationPlatforms) = preSolution
		Debug|Any CPU = Debug|Any CPU
		Release|Any CPU = Release|Any CPU
	EndGlobalSection
	GlobalSection(ProjectConfigurationPlatforms) = postSolution
		{0722EBC4-03BE-4272-855D-67D764097F68}.Debug|Any CPU.ActiveCfg = Debug|Any CPU
		{0722EBC4-03BE-4272-855D-67D764097F68}.Debug|Any CPU.Build.0 = Debug|Any CPU
		{0722EBC4-03BE-4272-855D-67D764097F68}.Release|Any CPU.ActiveCfg = Release|Any CPU
		{0722EBC4-03BE-4272-855D-67D764097F68}.Release|Any CPU.Build.0 = Release|Any CPU
		{3A7E7192-EEBD-4F38-873C-247FA66E3B13}.Debug|Any CPU.ActiveCfg = Debug|Any CPU
		{3A7E7192-EEBD-4F38-873C-247FA66E3B13}.Debug|Any CPU.Build.0 = Debug|Any CPU
		{3A7E7192-EEBD-4F38-873C-247FA66E3B13}.Release|Any CPU.ActiveCfg = Release|Any CPU
		{3A7E7192-EEBD-4F38-873C-247FA66E3B13}.Release|Any CPU.Build.0 = Release|Any CPU
	EndGlobalSection
	GlobalSection(SolutionProperties) = preSolution
		HideSolutionNode = FALSE
	EndGlobalSection
	GlobalSection(ExtensibilityGlobals) = postSolution
		SolutionGuid = {359526F8-EE9F-4CD1-8E84-2C1D090FAA84}
	EndGlobalSection
EndGlobal
